{
    "_meta": {
        "hash": {
            "sha256": "9ff2a60679706f6a30e8644a52f99ac856ec707c6e274904fefb95cd4127312c"
        },
        "pipfile-spec": 6,
        "requires": {
            "python_version": "3.6"
        },
        "sources": [
            {
                "name": "pypi",
                "url": "https://pypi.org/simple",
                "verify_ssl": true
            }
        ]
    },
    "default": {
        "absl-py": {
            "hashes": [
                "sha256:8718189e4bd6013bf79910b9d1cb0a76aecad8ce664f78e1144980fabdd2cd23"
            ],
            "version": "==0.7.0"
        },
        "astor": {
            "hashes": [
                "sha256:95c30d87a6c2cf89aa628b87398466840f0ad8652f88eb173125a6df8533fb8d",
                "sha256:fb503b9e2fdd05609fbf557b916b4a7824171203701660f0c55bbf5a7a68713e"
            ],
            "version": "==0.7.1"
        },
        "backcall": {
            "hashes": [
                "sha256:38ecd85be2c1e78f77fd91700c76e14667dc21e2713b63876c0eb901196e01e4",
                "sha256:bbbf4b1e5cd2bdb08f915895b51081c041bac22394fdfcfdfbe9f14b77c08bf2"
            ],
            "version": "==0.1.0"
        },
        "bleach": {
            "hashes": [
                "sha256:213336e49e102af26d9cde77dd2d0397afabc5a6bf2fed985dc35b5d1e285a16",
                "sha256:3fdf7f77adcf649c9911387df51254b813185e32b2c6619f690b593a617e19fa"
            ],
            "version": "==3.1.0"
        },
        "cycler": {
            "hashes": [
                "sha256:1d8a5ae1ff6c5cf9b93e8811e581232ad8920aeec647c37316ceac982b08cb2d",
                "sha256:cd7b2d1018258d7247a71425e9f26463dfb444d411c39569972f4ce586b0c9d8"
            ],
            "version": "==0.10.0"
        },
        "decorator": {
            "hashes": [
                "sha256:33cd704aea07b4c28b3eb2c97d288a06918275dac0ecebdaf1bc8a48d98adb9e",
                "sha256:cabb249f4710888a2fc0e13e9a16c343d932033718ff62e1e9bc93a9d3a9122b"
            ],
            "version": "==4.3.2"
        },
        "defusedxml": {
            "hashes": [
                "sha256:24d7f2f94f7f3cb6061acb215685e5125fbcdc40a857eff9de22518820b0a4f4",
                "sha256:702a91ade2968a82beb0db1e0766a6a273f33d4616a6ce8cde475d8e09853b20"
            ],
            "version": "==0.5.0"
        },
        "entrypoints": {
            "hashes": [
                "sha256:589f874b313739ad35be6e0cd7efde2a4e9b6fea91edcc34e58ecbb8dbe56d19",
                "sha256:c70dd71abe5a8c85e55e12c19bd91ccfeec11a6e99044204511f9ed547d48451"
            ],
            "version": "==0.3"
        },
        "gast": {
            "hashes": [
                "sha256:fe939df4583692f0512161ec1c880e0a10e71e6a232da045ab8edd3756fbadf0"
            ],
            "version": "==0.2.2"
        },
        "grpcio": {
            "hashes": [
                "sha256:0134bab8e8d16b195547f9216517b3abcd3e4b6b1f5a1c8940099888003287ac",
                "sha256:084d4a5f34a671bd0ec4668d3a7a3351015de81e6d4aef6710d9dab026def8cc",
                "sha256:1ab29724526d8651c8b878257775e17cf3fba7474c01edc76ff8bcfecf570f91",
                "sha256:1bd017ca22a126af0d7d67b4140b427ae58fd6d79dbd277e6f21be3ee0fdfef7",
                "sha256:25e7b619973e20d8f2cf05d6af0f2e11263a8792b99c058a5b590ef7aef554b8",
                "sha256:2e836e6092e6639cc9edb486f27c6fe078408aac54ed345c5762edcf8588d9c2",
                "sha256:34870eb5d157fe9639f263f0bfe0bcdc1737a6c08181ce113585f6461f37c84b",
                "sha256:424c8f0748935932d28531ce6d817a11914dfb385b86fe815297f122cd04d592",
                "sha256:43c42570f769748982c61a249e01eec5f91149e2aa98438c893de64e649d562b",
                "sha256:4f845d13ecff25012fc9c7f22067fca1d2b3da3f693da146ddcc587fdab3e7b4",
                "sha256:614de7d6672eb023c08dde70b103efa9faacf86ac63b2a24f8d74b064a86f6f0",
                "sha256:6c5956292692f385bb12b5f47afd70ae9469d2ee07a949c94aef2946020c1300",
                "sha256:7030674682433a5cbc069cd5a5fbcdf193c8a3680dc161cd7b984f72ab609f23",
                "sha256:77fff21bee2d3c3487891cdb69b35190deddac609e48c05262e1097f0b2cd82a",
                "sha256:8ac64f3e17e6a13abf9628f0ba22012c948d7ab400592510fed3c62444bdcc0d",
                "sha256:8fdfa8129e1ab2cdf053956dd07b21ccc127c8a8f0c5b83ff60987c009ddb636",
                "sha256:8ff4935abf61206479dd42c56aba0f6c395aebb5c42b29b1f7c2faae41ad979c",
                "sha256:9af47d0f4137a2951b73ee592bdc5690b242cfe81cdfacba1b34becbf72a0d59",
                "sha256:9da5b3c883621afca008d2c5729ddd7f06153f5dcaae1f690bead9b9018a3594",
                "sha256:abe825aa49e6239d5edf4e222c44170d2c7f6f4b1fd5286b4756a62d8067e112",
                "sha256:c8330efa27af2b65aa556a66517ba6657a13e259670ad32dec1b6ff3d6616c3c",
                "sha256:dc3d09abe7b49e84516b53920320d0f0d05587f6398431e50d6a47bd7d27a8b6",
                "sha256:deb08edefef880609f8bd2945764f31d577785ff3f2daea7027b67432ff12f74",
                "sha256:e019c86f55cdcd2bbc239beab14167f2e03ee92407c7c42ddf42edf6f5640cce",
                "sha256:eb0d154c4749458353fbb5a55b39de7aa8445617c20d200729f924be125c56d0",
                "sha256:eed5edb8f2620ad1157c8c5786809fb0a2d885969287a758752ce514274e3be0",
                "sha256:f7a9fc2dfbbc0e838c79f908262638fb86ab326b0fbc0ea2c3dd063b3561e9e2",
                "sha256:f9df2e626f1a8d8114a9dc05a489bdf26a8e926fbbe43112669700f25fe0abb3"
            ],
            "version": "==1.18.0"
        },
        "h5py": {
            "hashes": [
                "sha256:05750b91640273c69989c657eaac34b091abdd75efc8c4824c82aaf898a2da0a",
                "sha256:082a27208aa3a2286e7272e998e7e225b2a7d4b7821bd840aebf96d50977abbb",
                "sha256:08e2e8297195f9e813e894b6c63f79372582787795bba2014a2db6a2de95f713",
                "sha256:0dd2adeb2e9de5081eb8dcec88874e7fd35dae9a21557be3a55a3c7d491842a4",
                "sha256:0f94de7a10562b991967a66bbe6dda9808e18088676834c0a4dcec3fdd3bcc6f",
                "sha256:106e42e2e01e486a3d32eeb9ba0e3a7f65c12fa8998d63625fa41fb8bdc44cdb",
                "sha256:1606c66015f04719c41a9863c156fc0e6b992150de21c067444bcb82e7d75579",
                "sha256:1854c4beff9961e477e133143c5e5e355dac0b3ebf19c52cf7cc1b1ef757703c",
                "sha256:1e9fb6f1746500ea91a00193ce2361803c70c6b13f10aae9a33ad7b5bd28e800",
                "sha256:2cca17e80ddb151894333377675db90cd0279fa454776e0a4f74308376afd050",
                "sha256:30e365e8408759db3778c361f1e4e0fe8e98a875185ae46c795a85e9bafb9cdf",
                "sha256:3206bac900e16eda81687d787086f4ffd4f3854980d798e191a9868a6510c3ae",
                "sha256:3c23d72058647cee19b30452acc7895621e2de0a0bd5b8a1e34204b9ea9ed43c",
                "sha256:407b5f911a83daa285bbf1ef78a9909ee5957f257d3524b8606be37e8643c5f0",
                "sha256:4162953714a9212d373ac953c10e3329f1e830d3c7473f2a2e4f25dd6241eef0",
                "sha256:5fc7aba72a51b2c80605eba1c50dbf84224dcd206279d30a75c154e5652e1fe4",
                "sha256:713ac19307e11de4d9833af0c4bd6778bde0a3d967cafd2f0f347223711c1e31",
                "sha256:71b946d80ef3c3f12db157d7778b1fe74a517ca85e94809358b15580983c2ce2",
                "sha256:8cc4aed71e20d87e0a6f02094d718a95252f11f8ed143bc112d22167f08d4040",
                "sha256:9d41ca62daf36d6b6515ab8765e4c8c4388ee18e2a665701fef2b41563821002",
                "sha256:a744e13b000f234cd5a5b2a1f95816b819027c57f385da54ad2b7da1adace2f3",
                "sha256:b087ee01396c4b34e9dc41e3a6a0442158206d383c19c7d0396d52067b17c1cb",
                "sha256:b0f03af381d33306ce67d18275b61acb4ca111ced645381387a02c8a5ee1b796",
                "sha256:b9e4b8dfd587365bdd719ae178fa1b6c1231f81280b1375eef8626dfd8761bf3",
                "sha256:c5dd4ec75985b99166c045909e10f0534704d102848b1d9f0992720e908928e7",
                "sha256:d2b82f23cd862a9d05108fe99967e9edfa95c136f532a71cb3d28dc252771f50",
                "sha256:e58a25764472af07b7e1c4b10b0179c8ea726446c7141076286e41891bf3a563",
                "sha256:f3b49107fbfc77333fc2b1ef4d5de2abcd57e7ea3a1482455229494cf2da56ce"
            ],
            "version": "==2.9.0"
        },
        "ipykernel": {
            "hashes": [
                "sha256:0aeb7ec277ac42cc2b59ae3d08b10909b2ec161dc6908096210527162b53675d",
                "sha256:0fc0bf97920d454102168ec2008620066878848fcfca06c22b669696212e292f"
            ],
            "version": "==5.1.0"
        },
        "ipython": {
            "hashes": [
                "sha256:6a9496209b76463f1dec126ab928919aaf1f55b38beb9219af3fe202f6bbdd12",
                "sha256:f69932b1e806b38a7818d9a1e918e5821b685715040b48e59c657b3c7961b742"
            ],
            "markers": "python_version >= '3.3'",
            "version": "==7.2.0"
        },
        "ipython-genutils": {
            "hashes": [
                "sha256:72dd37233799e619666c9f639a9da83c34013a73e8bbc79a7a6348d93c61fab8",
                "sha256:eb2e116e75ecef9d4d228fdc66af54269afa26ab4463042e33785b887c628ba8"
            ],
            "version": "==0.2.0"
        },
        "ipywidgets": {
            "hashes": [
                "sha256:0f2b5cde9f272cb49d52f3f0889fdd1a7ae1e74f37b48dac35a83152780d2b7b",
                "sha256:a3e224f430163f767047ab9a042fc55adbcab0c24bbe6cf9f306c4f89fdf0ba3"
            ],
            "version": "==7.4.2"
        },
        "jedi": {
            "hashes": [
                "sha256:571702b5bd167911fe9036e5039ba67f820d6502832285cde8c881ab2b2149fd",
                "sha256:c8481b5e59d34a5c7c42e98f6625e633f6ef59353abea6437472c7ec2093f191"
            ],
            "version": "==0.13.2"
        },
        "jinja2": {
            "hashes": [
                "sha256:74c935a1b8bb9a3947c50a54766a969d4846290e1e788ea44c1392163723c3bd",
                "sha256:f84be1bb0040caca4cea721fcbbbbd61f9be9464ca236387158b0feea01914a4"
            ],
            "version": "==2.10"
        },
        "jsonschema": {
            "hashes": [
                "sha256:000e68abd33c972a5248544925a0cae7d1125f9bf6c58280d37546b946769a08",
                "sha256:6ff5f3180870836cae40f06fa10419f557208175f13ad7bc26caa77beb1f6e02"
            ],
            "version": "==2.6.0"
        },
        "jupyter": {
            "hashes": [
                "sha256:3e1f86076bbb7c8c207829390305a2b1fe836d471ed54be66a3b8c41e7f46cc7",
                "sha256:5b290f93b98ffbc21c0c7e749f054b3267782166d72fa5e3ed1ed4eaf34a2b78",
                "sha256:d9dc4b3318f310e34c82951ea5d6683f67bed7def4b259fafbfe4f1beb1d8e5f"
            ],
            "index": "pypi",
            "version": "==1.0.0"
        },
        "jupyter-client": {
            "hashes": [
                "sha256:b5f9cb06105c1d2d30719db5ffb3ea67da60919fb68deaefa583deccd8813551",
                "sha256:c44411eb1463ed77548bc2d5ec0d744c9b81c4a542d9637c7a52824e2121b987"
            ],
            "version": "==5.2.4"
        },
        "jupyter-console": {
            "hashes": [
                "sha256:308ce876354924fb6c540b41d5d6d08acfc946984bf0c97777c1ddcb42e0b2f5",
                "sha256:cc80a97a5c389cbd30252ffb5ce7cefd4b66bde98219edd16bf5cb6f84bb3568"
            ],
            "version": "==6.0.0"
        },
        "jupyter-core": {
            "hashes": [
                "sha256:927d713ffa616ea11972534411544589976b2493fc7e09ad946e010aa7eb9970",
                "sha256:ba70754aa680300306c699790128f6fbd8c306ee5927976cbe48adacf240c0b7"
            ],
            "version": "==4.4.0"
        },
        "keras": {
            "hashes": [
                "sha256:794d0c92c6c4122f1f0fcf3a7bc2f49054c6a54ddbef8d8ffafca62795d760b6",
                "sha256:90b610a3dbbf6d257b20a079eba3fdf2eed2158f64066a7c6f7227023fd60bc9"
            ],
            "index": "pypi",
            "version": "==2.2.4"
        },
        "keras-applications": {
            "hashes": [
                "sha256:60607b2b98868983e5153bf1cc6aa468ba73adc93bc977a90edaa4bc595e69fa",
                "sha256:94b8acc84fb8b1e3d752e20ed4cafa8377c9ecf6e6c1aa09942d959dc02e439a"
            ],
            "version": "==1.0.7"
        },
        "keras-preprocessing": {
            "hashes": [
                "sha256:0170b799a7562f80ad7931d22d56de22cf4bdd502e11c48f31a46380137a70a8",
                "sha256:5e3700117981c2db762e512ed6586638124fac5842170701628088a11aeb51ac"
            ],
            "version": "==1.0.9"
        },
        "kiwisolver": {
            "hashes": [
                "sha256:0ee4ed8b3ae8f5f712b0aa9ebd2858b5b232f1b9a96b0943dceb34df2a223bc3",
                "sha256:0f7f532f3c94e99545a29f4c3f05637f4d2713e7fd91b4dd8abfc18340b86cd5",
                "sha256:1a078f5dd7e99317098f0e0d490257fd0349d79363e8c923d5bb76428f318421",
                "sha256:1aa0b55a0eb1bd3fa82e704f44fb8f16e26702af1a073cc5030eea399e617b56",
                "sha256:2874060b91e131ceeff00574b7c2140749c9355817a4ed498e82a4ffa308ecbc",
                "sha256:379d97783ba8d2934d52221c833407f20ca287b36d949b4bba6c75274bcf6363",
                "sha256:3b791ddf2aefc56382aadc26ea5b352e86a2921e4e85c31c1f770f527eb06ce4",
                "sha256:4329008a167fac233e398e8a600d1b91539dc33c5a3eadee84c0d4b04d4494fa",
                "sha256:45813e0873bbb679334a161b28cb9606d9665e70561fd6caa8863e279b5e464b",
                "sha256:53a5b27e6b5717bdc0125338a822605084054c80f382051fb945d2c0e6899a20",
                "sha256:574f24b9805cb1c72d02b9f7749aa0cc0b81aa82571be5201aa1453190390ae5",
                "sha256:66f82819ff47fa67a11540da96966fb9245504b7f496034f534b81cacf333861",
                "sha256:79e5fe3ccd5144ae80777e12973027bd2f4f5e3ae8eb286cabe787bed9780138",
                "sha256:83410258eb886f3456714eea4d4304db3a1fc8624623fc3f38a487ab36c0f653",
                "sha256:8b6a7b596ce1d2a6d93c3562f1178ebd3b7bb445b3b0dd33b09f9255e312a965",
                "sha256:9576cb63897fbfa69df60f994082c3f4b8e6adb49cccb60efb2a80a208e6f996",
                "sha256:95a25d9f3449046ecbe9065be8f8380c03c56081bc5d41fe0fb964aaa30b2195",
                "sha256:a424f048bebc4476620e77f3e4d1f282920cef9bc376ba16d0b8fe97eec87cde",
                "sha256:aaec1cfd94f4f3e9a25e144d5b0ed1eb8a9596ec36d7318a504d813412563a85",
                "sha256:acb673eecbae089ea3be3dcf75bfe45fc8d4dcdc951e27d8691887963cf421c7",
                "sha256:b15bc8d2c2848a4a7c04f76c9b3dc3561e95d4dabc6b4f24bfabe5fd81a0b14f",
                "sha256:b1c240d565e977d80c0083404c01e4d59c5772c977fae2c483f100567f50847b",
                "sha256:c595693de998461bcd49b8d20568c8870b3209b8ea323b2a7b0ea86d85864694",
                "sha256:ce3be5d520b4d2c3e5eeb4cd2ef62b9b9ab8ac6b6fedbaa0e39cdb6f50644278",
                "sha256:e0f910f84b35c36a3513b96d816e6442ae138862257ae18a0019d2fc67b041dc",
                "sha256:ea36e19ac0a483eea239320aef0bd40702404ff8c7e42179a2d9d36c5afcb55c",
                "sha256:efabbcd4f406b532206b8801058c8bab9e79645b9880329253ae3322b7b02cd5",
                "sha256:f923406e6b32c86309261b8195e24e18b6a8801df0cfc7814ac44017bfcb3939"
            ],
            "version": "==1.0.1"
        },
        "markdown": {
            "hashes": [
                "sha256:c00429bd503a47ec88d5e30a751e147dcb4c6889663cd3e2ba0afe858e009baa",
                "sha256:d02e0f9b04c500cde6637c11ad7c72671f359b87b9fe924b2383649d8841db7c"
            ],
            "version": "==3.0.1"
        },
        "markupsafe": {
            "hashes": [
                "sha256:048ef924c1623740e70204aa7143ec592504045ae4429b59c30054cb31e3c432",
                "sha256:130f844e7f5bdd8e9f3f42e7102ef1d49b2e6fdf0d7526df3f87281a532d8c8b",
                "sha256:19f637c2ac5ae9da8bfd98cef74d64b7e1bb8a63038a3505cd182c3fac5eb4d9",
                "sha256:1b8a7a87ad1b92bd887568ce54b23565f3fd7018c4180136e1cf412b405a47af",
                "sha256:1c25694ca680b6919de53a4bb3bdd0602beafc63ff001fea2f2fc16ec3a11834",
                "sha256:1f19ef5d3908110e1e891deefb5586aae1b49a7440db952454b4e281b41620cd",
                "sha256:1fa6058938190ebe8290e5cae6c351e14e7bb44505c4a7624555ce57fbbeba0d",
                "sha256:31cbb1359e8c25f9f48e156e59e2eaad51cd5242c05ed18a8de6dbe85184e4b7",
                "sha256:3e835d8841ae7863f64e40e19477f7eb398674da6a47f09871673742531e6f4b",
                "sha256:4e97332c9ce444b0c2c38dd22ddc61c743eb208d916e4265a2a3b575bdccb1d3",
                "sha256:525396ee324ee2da82919f2ee9c9e73b012f23e7640131dd1b53a90206a0f09c",
                "sha256:52b07fbc32032c21ad4ab060fec137b76eb804c4b9a1c7c7dc562549306afad2",
                "sha256:52ccb45e77a1085ec5461cde794e1aa037df79f473cbc69b974e73940655c8d7",
                "sha256:5c3fbebd7de20ce93103cb3183b47671f2885307df4a17a0ad56a1dd51273d36",
                "sha256:5e5851969aea17660e55f6a3be00037a25b96a9b44d2083651812c99d53b14d1",
                "sha256:5edfa27b2d3eefa2210fb2f5d539fbed81722b49f083b2c6566455eb7422fd7e",
                "sha256:7d263e5770efddf465a9e31b78362d84d015cc894ca2c131901a4445eaa61ee1",
                "sha256:83381342bfc22b3c8c06f2dd93a505413888694302de25add756254beee8449c",
                "sha256:857eebb2c1dc60e4219ec8e98dfa19553dae33608237e107db9c6078b1167856",
                "sha256:98e439297f78fca3a6169fd330fbe88d78b3bb72f967ad9961bcac0d7fdd1550",
                "sha256:bf54103892a83c64db58125b3f2a43df6d2cb2d28889f14c78519394feb41492",
                "sha256:d9ac82be533394d341b41d78aca7ed0e0f4ba5a2231602e2f05aa87f25c51672",
                "sha256:e982fe07ede9fada6ff6705af70514a52beb1b2c3d25d4e873e82114cf3c5401",
                "sha256:edce2ea7f3dfc981c4ddc97add8a61381d9642dc3273737e756517cc03e84dd6",
                "sha256:efdc45ef1afc238db84cb4963aa689c0408912a0239b0721cb172b4016eb31d6",
                "sha256:f137c02498f8b935892d5c0172560d7ab54bc45039de8805075e19079c639a9c",
                "sha256:f82e347a72f955b7017a39708a3667f106e6ad4d10b25f237396a7115d8ed5fd",
                "sha256:fb7c206e01ad85ce57feeaaa0bf784b97fa3cad0d4a5737bc5295785f5c613a1"
            ],
            "version": "==1.1.0"
        },
        "matplotlib": {
            "hashes": [
                "sha256:16aa61846efddf91df623bbb4598e63be1068a6b6a2e6361cc802b41c7a286eb",
                "sha256:1975b71a33ac986bb39b6d5cfbc15c7b1f218f1134efb4eb3881839d6ae69984",
                "sha256:2b222744bd54781e6cc0b717fa35a54e5f176ba2ced337f27c5b435b334ef854",
                "sha256:317643c0e88fad55414347216362b2e229c130edd5655fea5f8159a803098468",
                "sha256:4269ce3d1b897d46fc3cc2273a0cc2a730345bb47e4456af662e6fca85c89dd7",
                "sha256:65214fd668975077cdf8d408ccf2b2d6bdf73b4e6895a79f8e99ce4f0b43fcdb",
                "sha256:74bc213ab8a92d86a0b304d9359d1e1d14168d4c6121b83862c9d8a88b89a738",
                "sha256:88949be0db54755995dfb0210d0099a8712a3c696c860441971354c3debfc4af",
                "sha256:8e1223d868be89423ec95ada5f37aa408ee64fe76ccb8e4d5f533699ba4c0e4a",
                "sha256:9fa00f2d7a552a95fa6016e498fdeb6d74df537853dda79a9055c53dfc8b6e1a",
                "sha256:c27fd46cab905097ba4bc28d5ba5289930f313fb1970c9d41092c9975b80e9b4",
                "sha256:c94b792af431f6adb6859eb218137acd9a35f4f7442cea57e4a59c54751c36af",
                "sha256:f4c12a01eb2dc16693887a874ba948b18c92f425c4d329639ece6d3bb8e631bb"
            ],
            "index": "pypi",
            "version": "==3.0.2"
        },
        "mistune": {
            "hashes": [
                "sha256:59a3429db53c50b5c6bcc8a07f8848cb00d7dc8bdb431a4ab41920d201d4756e",
                "sha256:88a1051873018da288eee8538d476dffe1262495144b33ecb586c4ab266bb8d4"
            ],
            "version": "==0.8.4"
        },
        "mlxtend": {
            "hashes": [
                "sha256:9a39f9c38a08d6a1ae216a87821ed0b9ff22306636f542cd63a88661c4313db7",
                "sha256:f59cadf199563fdaa0bfeff2327de4dc49571c22f92140ed0e5e1135723aded9"
            ],
            "index": "pypi",
            "version": "==0.15.0.0"
        },
        "nbconvert": {
            "hashes": [
                "sha256:302554a2e219bc0fc84f3edd3e79953f3767b46ab67626fdec16e38ba3f7efe4",
                "sha256:5de8fb2284422272a1d45abc77c07b888127550a6d602ce619592a2b08a474ff"
            ],
            "version": "==5.4.1"
        },
        "nbformat": {
            "hashes": [
                "sha256:b9a0dbdbd45bb034f4f8893cafd6f652ea08c8c1674ba83f2dc55d3955743b0b",
                "sha256:f7494ef0df60766b7cabe0a3651556345a963b74dbc16bc7c18479041170d402"
            ],
            "version": "==4.4.0"
        },
        "notebook": {
            "hashes": [
                "sha256:3ab2db8bc10e6edbd264c3c4b800bee276c99818386ee0c146d98d7e6bcf0a67",
                "sha256:d908673a4010787625c8952e91a22adf737db031f2aa0793ad92f6558918a74a"
            ],
            "version": "==5.7.4"
        },
        "numpy": {
            "hashes": [
                "sha256:0cdbbaa30ae69281b18dd995d3079c4e552ad6d5426977f66b9a2a95f11f552a",
                "sha256:2b0cca1049bd39d1879fa4d598624cafe82d35529c72de1b3d528d68031cdd95",
                "sha256:31d3fe5b673e99d33d70cfee2ea8fe8dccd60f265c3ed990873a88647e3dd288",
                "sha256:34dd4922aab246c39bf5df03ca653d6265e65971deca6784c956bf356bca6197",
                "sha256:384e2dfa03da7c8d54f8f934f61b6a5e4e1ebb56a65b287567629d6c14578003",
                "sha256:392e2ea22b41a22c0289a88053204b616181288162ba78e6823e1760309d5277",
                "sha256:4341a39fc085f31a583be505eabf00e17c619b469fef78dc7e8241385bfddaa4",
                "sha256:45080f065dcaa573ebecbfe13cdd86e8c0a68c4e999aa06bd365374ea7137706",
                "sha256:485cb1eb4c9962f4cd042fed9424482ec1d83fee5dc2ef3f2552ac47852cb259",
                "sha256:575cefd28d3e0da85b0864506ae26b06483ee4a906e308be5a7ad11083f9d757",
                "sha256:62784b35df7de7ca4d0d81c5b6af5983f48c5cdef32fc3635b445674e56e3266",
                "sha256:69c152f7c11bf3b4fc11bc4cc62eb0334371c0db6844ebace43b7c815b602805",
                "sha256:6ccfdcefd287f252cf1ea7a3f1656070da330c4a5658e43ad223269165cdf977",
                "sha256:7298fbd73c0b3eff1d53dc9b9bdb7add8797bb55eeee38c8ccd7906755ba28af",
                "sha256:79463d918d1bf3aeb9186e3df17ddb0baca443f41371df422f99ee94f4f2bbfe",
                "sha256:8bbee788d82c0ac656536de70e817af09b7694f5326b0ef08e5c1014fcb96bb3",
                "sha256:a863957192855c4c57f60a75a1ac06ce5362ad18506d362dd807e194b4baf3ce",
                "sha256:ae602ba425fb2b074e16d125cdce4f0194903da935b2e7fe284ebecca6d92e76",
                "sha256:b13faa258b20fa66d29011f99fdf498641ca74a0a6d9266bc27d83c70fea4a6a",
                "sha256:c2c39d69266621dd7464e2bb740d6eb5abc64ddc339cc97aa669f3bb4d75c103",
                "sha256:e9c88f173d31909d881a60f08a8494e63f1aff2a4052476b24d4f50e82c47e24",
                "sha256:f1a29267ac29fff0913de0f11f3a9edfcd3f39595f467026c29376fad243ebe3",
                "sha256:f69dde0c5a137d887676a8129373e44366055cf19d1b434e853310c7a1e68f93"
            ],
            "index": "pypi",
            "version": "==1.16.1"
        },
        "pandas": {
            "hashes": [
                "sha256:02c830f951f3dc8c3164e2639a8961881390f7492f71a7835c2330f54539ad57",
                "sha256:179015834c72a577486337394493cc2969feee9a04a2ea09f50c724e4b52ab42",
                "sha256:3894960d43c64cfea5142ac783b101362f5008ee92e962392156a3f8d1558995",
                "sha256:435821cb2501eabbcee7e83614bd710940dc0cf28b5afbc4bdb816c31cec71af",
                "sha256:8294dea9aa1811f93558702856e3b68dd1dfd7e9dbc8e0865918a07ee0f21c2c",
                "sha256:844e745ab27a9a01c86925fe776f9d2e09575e65f0bf8eba5090edddd655dffc",
                "sha256:a08d49f5fa2a2243262fe5581cb89f6c0c7cc525b8d6411719ab9400a9dc4a82",
                "sha256:a435c251246075337eb9fdc4160fd15c8a87cc0679d8d61fb5255d8d5a12f044",
                "sha256:a799f03c0ec6d8687f425d7d6c075e8055a9a808f1ba87604d91f20507631d8d",
                "sha256:aea72ce5b3a016b578cc05c04a2f68d9cafacf5d784b6fe832e66381cb62c719",
                "sha256:c145e94c6da2af7eaf1fd827293ac1090a61a9b80150bebe99f8966a02378db9",
                "sha256:c8a7b470c88c779301b73b23cabdbbd94b83b93040b2ccffa409e06df23831c0",
                "sha256:c9e31b36abbd7b94c547d9047f13e1546e3ba967044cf4f9718575fcb7b81bb6",
                "sha256:d960b7a03c33c328c723cfc2f8902a6291645f4efa0a5c1d4c5fa008cdc1ea77",
                "sha256:da21fae4c173781b012217c9444f13c67449957a4d45184a9718268732c09564",
                "sha256:db26c0fea0bd7d33c356da98bafd2c0dfb8f338e45e2824ff8f4f3e61b5c5f25",
                "sha256:dc296c3f16ec620cfb4daf0f672e3c90f3920ece8261b2760cd0ebd9cd4daa55",
                "sha256:e8da67cb2e9333ec30d53cfb96e27a4865d1648688e5471699070d35d8ab38cf",
                "sha256:fb4f047a63f91f22aade4438aaf790400b96644e802daab4293e9b799802f93f",
                "sha256:fef9939176cba0c2526ebeefffb8b9807543dc0954877b7226f751ec1294a869"
            ],
            "version": "==0.24.1"
        },
        "pandocfilters": {
            "hashes": [
                "sha256:b3dd70e169bb5449e6bc6ff96aea89c5eea8c5f6ab5e207fc2f521a2cf4a0da9"
            ],
            "version": "==1.4.2"
        },
        "parso": {
            "hashes": [
                "sha256:6ecf7244be8e7283ec9009c72d074830e7e0e611c974f813d76db0390a4e0dd6",
                "sha256:8162be7570ffb34ec0b8d215d7f3b6c5fab24f51eb3886d6dee362de96b6db94"
            ],
            "version": "==0.3.3"
        },
        "pexpect": {
            "hashes": [
                "sha256:2a8e88259839571d1251d278476f3eec5db26deb73a70be5ed5dc5435e418aba",
                "sha256:3fbd41d4caf27fa4a377bfd16fef87271099463e6fa73e92a52f92dfee5d425b"
            ],
            "markers": "sys_platform != 'win32'",
            "version": "==4.6.0"
        },
        "pickleshare": {
            "hashes": [
                "sha256:87683d47965c1da65cdacaf31c8441d12b8044cdec9aca500cd78fc2c683afca",
                "sha256:9649af414d74d4df115d5d718f82acb59c9d418196b7b4290ed47a12ce62df56"
            ],
            "version": "==0.7.5"
        },
        "pillow": {
            "hashes": [
                "sha256:051de330a06c99d6f84bcf582960487835bcae3fc99365185dc2d4f65a390c0e",
                "sha256:0ae5289948c5e0a16574750021bd8be921c27d4e3527800dc9c2c1d2abc81bf7",
                "sha256:0b1efce03619cdbf8bcc61cfae81fcda59249a469f31c6735ea59badd4a6f58a",
                "sha256:163136e09bd1d6c6c6026b0a662976e86c58b932b964f255ff384ecc8c3cefa3",
                "sha256:18e912a6ccddf28defa196bd2021fe33600cbe5da1aa2f2e2c6df15f720b73d1",
                "sha256:24ec3dea52339a610d34401d2d53d0fb3c7fd08e34b20c95d2ad3973193591f1",
                "sha256:267f8e4c0a1d7e36e97c6a604f5b03ef58e2b81c1becb4fccecddcb37e063cc7",
                "sha256:3273a28734175feebbe4d0a4cde04d4ed20f620b9b506d26f44379d3c72304e1",
                "sha256:4c678e23006798fc8b6f4cef2eaad267d53ff4c1779bd1af8725cc11b72a63f3",
                "sha256:4d4bc2e6bb6861103ea4655d6b6f67af8e5336e7216e20fff3e18ffa95d7a055",
                "sha256:505738076350a337c1740a31646e1de09a164c62c07db3b996abdc0f9d2e50cf",
                "sha256:5233664eadfa342c639b9b9977190d64ad7aca4edc51a966394d7e08e7f38a9f",
                "sha256:5d95cb9f6cced2628f3e4de7e795e98b2659dfcc7176ab4a01a8b48c2c2f488f",
                "sha256:7eda4c737637af74bac4b23aa82ea6fbb19002552be85f0b89bc27e3a762d239",
                "sha256:801ddaa69659b36abf4694fed5aa9f61d1ecf2daaa6c92541bbbbb775d97b9fe",
                "sha256:825aa6d222ce2c2b90d34a0ea31914e141a85edefc07e17342f1d2fdf121c07c",
                "sha256:9c215442ff8249d41ff58700e91ef61d74f47dfd431a50253e1a1ca9436b0697",
                "sha256:a3d90022f2202bbb14da991f26ca7a30b7e4c62bf0f8bf9825603b22d7e87494",
                "sha256:a631fd36a9823638fe700d9225f9698fb59d049c942d322d4c09544dc2115356",
                "sha256:a6523a23a205be0fe664b6b8747a5c86d55da960d9586db039eec9f5c269c0e6",
                "sha256:a756ecf9f4b9b3ed49a680a649af45a8767ad038de39e6c030919c2f443eb000",
                "sha256:b117287a5bdc81f1bac891187275ec7e829e961b8032c9e5ff38b70fd036c78f",
                "sha256:ba04f57d1715ca5ff74bb7f8a818bf929a204b3b3c2c2826d1e1cc3b1c13398c",
                "sha256:cd878195166723f30865e05d87cbaf9421614501a4bd48792c5ed28f90fd36ca",
                "sha256:cee815cc62d136e96cf76771b9d3eb58e0777ec18ea50de5cfcede8a7c429aa8",
                "sha256:d1722b7aa4b40cf93ac3c80d3edd48bf93b9208241d166a14ad8e7a20ee1d4f3",
                "sha256:d7c1c06246b05529f9984435fc4fa5a545ea26606e7f450bdbe00c153f5aeaad",
                "sha256:e9c8066249c040efdda84793a2a669076f92a301ceabe69202446abb4c5c5ef9",
                "sha256:f227d7e574d050ff3996049e086e1f18c7bd2d067ef24131e50a1d3fe5831fbc",
                "sha256:fc9a12aad714af36cf3ad0275a96a733526571e52710319855628f476dcb144e"
            ],
            "version": "==5.4.1"
        },
        "prometheus-client": {
            "hashes": [
                "sha256:e8c11ff5ca53de6c3d91e1510500611cafd1d247a937ec6c588a0a7cc3bef93c"
            ],
            "version": "==0.5.0"
        },
        "prompt-toolkit": {
            "hashes": [
                "sha256:88002cc618cacfda8760c4539e76c3b3f148ecdb7035a3d422c7ecdc90c2a3ba",
                "sha256:c6655a12e9b08edb8cf5aeab4815fd1e1bdea4ad73d3bbf269cf2e0c4eb75d5e",
                "sha256:df5835fb8f417aa55e5cafadbaeb0cf630a1e824aad16989f9f0493e679ec010"
            ],
            "version": "==2.0.8"
        },
        "protobuf": {
            "hashes": [
                "sha256:10394a4d03af7060fa8a6e1cbf38cea44be1467053b0aea5bbfcb4b13c4b88c4",
                "sha256:1489b376b0f364bcc6f89519718c057eb191d7ad6f1b395ffd93d1aa45587811",
                "sha256:1931d8efce896981fe410c802fd66df14f9f429c32a72dd9cfeeac9815ec6444",
                "sha256:196d3a80f93c537f27d2a19a4fafb826fb4c331b0b99110f985119391d170f96",
                "sha256:46e34fdcc2b1f2620172d3a4885128705a4e658b9b62355ae5e98f9ea19f42c2",
                "sha256:4b92e235a3afd42e7493b281c8b80c0c65cbef45de30f43d571d1ee40a1f77ef",
                "sha256:574085a33ca0d2c67433e5f3e9a0965c487410d6cb3406c83bdaf549bfc2992e",
                "sha256:59cd75ded98094d3cf2d79e84cdb38a46e33e7441b2826f3838dcc7c07f82995",
                "sha256:5ee0522eed6680bb5bac5b6d738f7b0923b3cafce8c4b1a039a6107f0841d7ed",
                "sha256:65917cfd5da9dfc993d5684643063318a2e875f798047911a9dd71ca066641c9",
                "sha256:685bc4ec61a50f7360c9fd18e277b65db90105adbf9c79938bd315435e526b90",
                "sha256:92e8418976e52201364a3174e40dc31f5fd8c147186d72380cbda54e0464ee19",
                "sha256:9335f79d1940dfb9bcaf8ec881fb8ab47d7a2c721fb8b02949aab8bbf8b68625",
                "sha256:a7ee3bb6de78185e5411487bef8bc1c59ebd97e47713cba3c460ef44e99b3db9",
                "sha256:ceec283da2323e2431c49de58f80e1718986b79be59c266bb0509cbf90ca5b9e",
                "sha256:fcfc907746ec22716f05ea96b7f41597dfe1a1c088f861efb8a0d4f4196a6f10"
            ],
            "version": "==3.6.1"
        },
        "ptyprocess": {
            "hashes": [
                "sha256:923f299cc5ad920c68f2bc0bc98b75b9f838b93b599941a6b63ddbc2476394c0",
                "sha256:d7cc528d76e76342423ca640335bd3633420dc1366f258cb31d05e865ef5ca1f"
            ],
            "markers": "os_name != 'nt'",
            "version": "==0.6.0"
        },
        "pygments": {
            "hashes": [
                "sha256:5ffada19f6203563680669ee7f53b64dabbeb100eb51b61996085e99c03b284a",
                "sha256:e8218dd399a61674745138520d0d4cf2621d7e032439341bc3f647bff125818d"
            ],
            "version": "==2.3.1"
        },
        "pyparsing": {
            "hashes": [
                "sha256:66c9268862641abcac4a96ba74506e594c884e3f57690a696d21ad8210ed667a",
                "sha256:f6c5ef0d7480ad048c054c37632c67fca55299990fff127850181659eea33fc3"
            ],
            "version": "==2.3.1"
        },
        "python-dateutil": {
            "hashes": [
                "sha256:7e6584c74aeed623791615e26efd690f29817a27c73085b78e4bad02493df2fb",
                "sha256:c89805f6f4d64db21ed966fda138f8a5ed7a4fdbc1a8ee329ce1b74e3c74da9e"
            ],
            "version": "==2.8.0"
        },
        "pytz": {
            "hashes": [
                "sha256:32b0891edff07e28efe91284ed9c31e123d84bea3fd98e1f72be2508f43ef8d9",
                "sha256:d5f05e487007e29e03409f9398d074e158d920d36eb82eaf66fb1136b0c5374c"
            ],
            "version": "==2018.9"
        },
        "pyyaml": {
            "hashes": [
                "sha256:3d7da3009c0f3e783b2c873687652d83b1bbfd5c88e9813fb7e5b03c0dd3108b",
                "sha256:3ef3092145e9b70e3ddd2c7ad59bdd0252a94dfe3949721633e41344de00a6bf",
                "sha256:40c71b8e076d0550b2e6380bada1f1cd1017b882f7e16f09a65be98e017f211a",
                "sha256:558dd60b890ba8fd982e05941927a3911dc409a63dcb8b634feaa0cda69330d3",
                "sha256:a7c28b45d9f99102fa092bb213aa12e0aaf9a6a1f5e395d36166639c1f96c3a1",
                "sha256:aa7dd4a6a427aed7df6fb7f08a580d68d9b118d90310374716ae90b710280af1",
                "sha256:bc558586e6045763782014934bfaf39d48b8ae85a2713117d16c39864085c613",
                "sha256:d46d7982b62e0729ad0175a9bc7e10a566fc07b224d2c79fafb5e032727eaa04",
                "sha256:d5eef459e30b09f5a098b9cea68bebfeb268697f78d647bd255a085371ac7f3f",
                "sha256:e01d3203230e1786cd91ccfdc8f8454c8069c91bee3962ad93b87a4b2860f537",
                "sha256:e170a9e6fcfd19021dd29845af83bb79236068bf5fd4df3327c1be18182b2531"
            ],
            "version": "==3.13"
        },
        "pyzmq": {
            "hashes": [
                "sha256:25a0715c8f69cf72f67cfe5a68a3f3ed391c67c063d2257bec0fe7fc2c7f08f8",
                "sha256:2bab63759632c6b9e0d5bf19cc63c3b01df267d660e0abcf230cf0afaa966349",
                "sha256:30ab49d99b24bf0908ebe1cdfa421720bfab6f93174e4883075b7ff38cc555ba",
                "sha256:32c7ca9fc547a91e3c26fc6080b6982e46e79819e706eb414dd78f635a65d946",
                "sha256:41219ae72b3cc86d97557fe5b1ef5d1adc1057292ec597b50050874a970a39cf",
                "sha256:4b8c48a9a13cea8f1f16622f9bd46127108af14cd26150461e3eab71e0de3e46",
                "sha256:55724997b4a929c0d01b43c95051318e26ddbae23565018e138ae2dc60187e59",
                "sha256:65f0a4afae59d4fc0aad54a917ab599162613a761b760ba167d66cc646ac3786",
                "sha256:6f88591a8b246f5c285ee6ce5c1bf4f6bd8464b7f090b1333a446b6240a68d40",
                "sha256:75022a4c60dcd8765bb9ca32f6de75a0ec83b0d96e0309dc479f4c7b21f26cb7",
                "sha256:76ea493bfab18dcb090d825f3662b5612e2def73dffc196d51a5194b0294a81d",
                "sha256:7b60c045b80709e4e3c085bab9b691e71761b44c2b42dbb047b8b498e7bc16b3",
                "sha256:8e6af2f736734aef8ed6f278f9f552ec7f37b1a6b98e59b887484a840757f67d",
                "sha256:9ac2298e486524331e26390eac14e4627effd3f8e001d4266ed9d8f1d2d31cce",
                "sha256:9ba650f493a9bc1f24feca1d90fce0e5dd41088a252ac9840131dfbdbf3815ca",
                "sha256:a02a4a385e394e46012dc83d2e8fd6523f039bb52997c1c34a2e0dd49ed839c1",
                "sha256:a3ceee84114d9f5711fa0f4db9c652af0e4636c89eabc9b7f03a3882569dd1ed",
                "sha256:a72b82ac1910f2cf61a49139f4974f994984475f771b0faa730839607eeedddf",
                "sha256:ab136ac51027e7c484c53138a0fab4a8a51e80d05162eb7b1585583bcfdbad27",
                "sha256:c095b224300bcac61e6c445e27f9046981b1ac20d891b2f1714da89d34c637c8",
                "sha256:c5cc52d16c06dc2521340d69adda78a8e1031705924e103c0eb8fc8af861d810",
                "sha256:d612e9833a89e8177f8c1dc68d7b4ff98d3186cd331acd616b01bbdab67d3a7b",
                "sha256:e828376a23c66c6fe90dcea24b4b72cd774f555a6ee94081670872918df87a19",
                "sha256:e9767c7ab2eb552796440168d5c6e23a99ecaade08dda16266d43ad461730192",
                "sha256:ebf8b800d42d217e4710d1582b0c8bff20cdcb4faad7c7213e52644034300924"
            ],
            "version": "==17.1.2"
        },
        "qtconsole": {
            "hashes": [
                "sha256:1ac4a65e81a27b0838330a6d351c2f8435d4013d98a95373e8a41119b2968390",
                "sha256:bc1ba15f50c29ed50f1268ad823bb6543be263c18dd093b80495e9df63b003ac"
            ],
            "version": "==4.4.3"
        },
        "scikit-learn": {
            "hashes": [
                "sha256:05d061606657af85365b5f71484e3362d924429edde17a90068960843ad597f5",
                "sha256:071317afbb5c67fa493635376ddd724b414290255cbf6947c1155846956e93f7",
                "sha256:0d03aaf19a25e59edac3099cda6879ba05129f0fa1e152e23b728ccd36104f57",
                "sha256:1665ea0d4b75ef24f5f2a9d1527b7296eeabcbe3a1329791c954541e2ebde5a2",
                "sha256:24eccb0ff31f84e88e00936c09197735ef1dcabd370aacb10e55dbc8ee464a78",
                "sha256:27b48cabacce677a205e6bcda1f32bdc968fbf40cd2aa0a4f52852f6997fce51",
                "sha256:2c51826b9daa87d7d356bebd39f8665f7c32e90e3b21cbe853d6c7f0d6b0d23b",
                "sha256:3116299d392bd1d054655fa2a740e7854de87f1d573fa85503e64494e52ac795",
                "sha256:3771861abe1fd1b2bbeaec7ba8cfca58fdedd75d790f099960e5332af9d1ff7a",
                "sha256:473ba7d9a5eaec47909ee83d74b4a3be47a44505c5189d2cab67c0418cd030f1",
                "sha256:621e2c91f9afde06e9295d128cb15cb6fc77dc00719393e9ec9d47119895b0d4",
                "sha256:645865462c383e5faad473b93145a8aee97d839c9ad1fd7a17ae54ec8256d42b",
                "sha256:80e2276d4869d302e84b7c03b5bac4a67f6cd331162e62ae775a3e5855441a60",
                "sha256:84d2cfe0dee3c22b26364266d69850e0eb406d99714045929875032f91d3c918",
                "sha256:87ea9ace7fe811638dfc39b850b60887509b8bfc93c4006d5552fa066d04ddc7",
                "sha256:a4d1e535c75881f668010e6e53dfeb89dd50db85b05c5c45af1991c8b832d757",
                "sha256:a4f14c4327d2e44567bfb3a0bee8c55470f820bc9a67af3faf200abd8ed79bf2",
                "sha256:a7b3c24e193e8c6eaeac075b5d0bb0a7fea478aa2e4b991f6a7b030fc4fd410d",
                "sha256:ab2919aca84f1ac6ef60a482148eec0944364ab1832e63f28679b16f9ef279c8",
                "sha256:b0f79d5ff74f3c68a4198ad5b4dfa891326b5ce272dd064d11d572b25aae5b43",
                "sha256:bc5bc7c7ee2572a1edcb51698a6caf11fae554194aaab9a38105d9ec419f29e6",
                "sha256:bc5c750d548795def79576533f8f0f065915f17f48d6e443afce2a111f713747",
                "sha256:c68969c30b3b2c1fe07c1376110928eade61da4fc29c24c9f1a89435a7d08abe",
                "sha256:d3b4f791d2645fe936579d61f1ff9b5dcf0c8f50db7f0245ca8f16407d7a5a46",
                "sha256:dac0cd9fdd8ac6dd6108a10558e2e0ca1b411b8ea0a3165641f9ab0b4322df4e",
                "sha256:eb7ddbdf33eb822fdc916819b0ab7009d954eb43c3a78e7dd2ec5455e074922a",
                "sha256:ed537844348402ed53420187b3a6948c576986d0b2811a987a49613b6a26f29e",
                "sha256:fcca54733e692fe03b8584f7d4b9344f4b6e3a74f5b326c6e5f5e9d2504bdce7"
            ],
            "version": "==0.20.2"
        },
        "scipy": {
            "hashes": [
                "sha256:014cb900c003b5ac81a53f2403294e8ecf37aedc315b59a6b9370dce0aa7627a",
                "sha256:281a34da34a5e0de42d26aed692ab710141cad9d5d218b20643a9cb538ace976",
                "sha256:588f9cc4bfab04c45fbd19c1354b5ade377a8124d6151d511c83730a9b6b2338",
                "sha256:5a10661accd36b6e2e8855addcf3d675d6222006a15795420a39c040362def66",
                "sha256:628f60be272512ca1123524969649a8cb5ae8b31cca349f7c6f8903daf9034d7",
                "sha256:6dcc43a88e25b815c2dea1c6fac7339779fc988f5df8396e1de01610604a7c38",
                "sha256:70e37cec0ac0fe95c85b74ca4e0620169590fd5d3f44765f3c3a532cedb0e5fd",
                "sha256:7274735fb6fb5d67d3789ddec2cd53ed6362539b41aa6cc0d33a06c003aaa390",
                "sha256:78e12972e144da47326958ac40c2bd1c1cca908edc8b01c26a36f9ffd3dce466",
                "sha256:790cbd3c8d09f3a6d9c47c4558841e25bac34eb7a0864a9def8f26be0b8706af",
                "sha256:79792c8fe8e9d06ebc50fe23266522c8c89f20aa94ac8e80472917ecdce1e5ba",
                "sha256:865afedf35aaef6df6344bee0de391ee5e99d6e802950a237f9fb9b13e441f91",
                "sha256:870fd401ec7b64a895cff8e206ee16569158db00254b2f7157b4c9a5db72c722",
                "sha256:963815c226b29b0176d5e3d37fc9de46e2778ce4636a5a7af11a48122ef2577c",
                "sha256:9726791484f08e394af0b59eb80489ad94d0a53bbb58ab1837dcad4d58489863",
                "sha256:9de84a71bb7979aa8c089c4fb0ea0e2ed3917df3fb2a287a41aaea54bbad7f5d",
                "sha256:b2c324ddc5d6dbd3f13680ad16a29425841876a84a1de23a984236d1afff4fa6",
                "sha256:b86ae13c597fca087cb8c193870507c8916cefb21e52e1897da320b5a35075e5",
                "sha256:ba0488d4dbba2af5bf9596b849873102d612e49a118c512d9d302ceafa36e01a",
                "sha256:d78702af4102a3a4e23bb7372cec283e78f32f5573d92091aa6aaba870370fe1",
                "sha256:def0e5d681dd3eb562b059d355ae8bebe27f5cc455ab7c2b6655586b63d3a8ea",
                "sha256:e085d1babcb419bbe58e2e805ac61924dac4ca45a07c9fa081144739e500aa3c",
                "sha256:e2cfcbab37c082a5087aba5ff00209999053260441caadd4f0e8f4c2d6b72088",
                "sha256:e742f1f5dcaf222e8471c37ee3d1fd561568a16bb52e031c25674ff1cf9702d5",
                "sha256:f06819b028b8ef9010281e74c59cb35483933583043091ed6b261bb1540f11cc",
                "sha256:f15f2d60a11c306de7700ee9f65df7e9e463848dbea9c8051e293b704038da60",
                "sha256:f31338ee269d201abe76083a990905473987371ff6f3fdb76a3f9073a361cf37",
                "sha256:f6b88c8d302c3dac8dff7766955e38d670c82e0d79edfc7eae47d6bb2c186594"
            ],
            "version": "==1.2.1"
        },
        "send2trash": {
            "hashes": [
                "sha256:60001cc07d707fe247c94f74ca6ac0d3255aabcb930529690897ca2a39db28b2",
                "sha256:f1691922577b6fa12821234aeb57599d887c4900b9ca537948d2dac34aea888b"
            ],
            "version": "==1.5.0"
        },
        "six": {
            "hashes": [
                "sha256:3350809f0555b11f552448330d0b52d5f24c91a322ea4a15ef22629740f3761c",
                "sha256:d16a0141ec1a18405cd4ce8b4613101da75da0e9a7aec5bdd4fa804d0e0eba73"
            ],
            "version": "==1.12.0"
        },
        "sklearn": {
            "hashes": [
                "sha256:e23001573aa194b834122d2b9562459bf5ae494a2d59ca6b8aa22c85a44c0e31"
            ],
            "index": "pypi",
            "version": "==0.0"
        },
        "tensorboard": {
            "hashes": [
                "sha256:6f194519f41762bfdf5eb410ccf33226d1c252caf5ad8893288648bfbcf4d135",
                "sha256:81170f66bf8f95c2e9f6b3fefe0ddc5472655a9e3793e73b5b5d4ec0ba395e76"
            ],
            "version": "==1.12.2"
        },
        "tensorflow": {
            "hashes": [
                "sha256:16fb8a59e724afd37a276d33b7e2ed070e5c84899a8d4cfc3fe1bb446a859da7",
                "sha256:1ae50e44c0b29df5fb5b460118be5a257b4eb3e561008f64d2c4c715651259b7",
                "sha256:1b7d09cc26ef727d628dcb74841b89374a38ed81af25bd589a21659ef67443da",
                "sha256:2681b55d3e434e20fe98e3a3b1bde3588af62d7864b62feee4141a71e29ef594",
                "sha256:42fc8398ce9f9895b488f516ea0143cf6cf2a3a5fc804da4a190b063304bc173",
                "sha256:531619ad1c17b4084d09f442a9171318af813e81aae748e5de8274d561461749",
                "sha256:5cee35f8a6a12e83560f30246811643efdc551c364bc981d27f21fbd0926403d",
                "sha256:6ad6ed495f1a3d445c43d90cb2ce251ff5532fd6436e25f52977ee59ffa583df",
                "sha256:cd8c1a899e3befe1ccb774ea1aae077a4b1286f855c956210b23766f4ac85c30",
                "sha256:d3f3d7cd9bd4cdc7ebf25fd6c2dfc103dcf4b2834ae9276cc4cf897eb1515f6d",
                "sha256:e4f479e6aca595acc98347364288cbdfd3c025ca85389380174ea75a43c327b7",
                "sha256:f587dc03b5f0d1e50cca39b7159c9f21ffdec96273dbf5f7619d48c622cb21f2"
            ],
            "index": "pypi",
            "version": "==1.12.0"
        },
        "tensorflow-gpu": {
            "hashes": [
                "sha256:12902549817d2f093f3045f7861df84a5936e8f14469d11c5a5622c85455b96c",
                "sha256:435a9a4a37c1a92f9bc80f577f0328775539c593b9bc9e943712a204ada11db5",
                "sha256:6e9e6b73cc6dc6b82a8e09f9688a8806f44dbe02c4e92cb9c36efea30a7cd47e",
                "sha256:bf2c1e660c533102db2a81fad21a26213f4e4ff5ce6b841c0d9adc4ac3c5c6bc",
                "sha256:ce47aaa4ddf8446c9c9a83d968c2beba93feefaf796f1255ec6e361e4dd0e13a",
                "sha256:d02f018e46ee0d45a86bd27c5635b936330ab7e180c43029d1b3c4cebc7c2c45",
                "sha256:da799ad89780c21380fdbb99f3ecf73488dbfdca0715493c6931c2710c710e62"
            ],
            "index": "pypi",
            "version": "==1.12.0"
        },
        "termcolor": {
            "hashes": [
                "sha256:1d6d69ce66211143803fbc56652b41d73b4a400a2891d7bf7a1cdf4c02de613b"
            ],
            "version": "==1.1.0"
        },
        "terminado": {
            "hashes": [
                "sha256:55abf9ade563b8f9be1f34e4233c7b7bde726059947a593322e8a553cc4c067a",
                "sha256:65011551baff97f5414c67018e908110693143cfbaeb16831b743fe7cad8b927"
            ],
            "version": "==0.8.1"
        },
        "testpath": {
            "hashes": [
                "sha256:46c89ebb683f473ffe2aab0ed9f12581d4d078308a3cb3765d79c6b2317b0109",
                "sha256:b694b3d9288dbd81685c5d2e7140b81365d46c29f5db4bc659de5aa6b98780f8"
            ],
            "version": "==0.4.2"
        },
        "torch": {
            "hashes": [
                "sha256:2e04bcc8b6536ba01a924cbcfb9eff2428be6c9cc73956df38dfcf63c948fbf5",
                "sha256:40ad926ebdef6db70811102ae1448584a0c338a2fce2ff718533b9016664398e",
                "sha256:43e40d9cf70d038fe9a9c06eaadf3f39756fe76a530a0bd1dec9f21654ee5851",
                "sha256:639e9414cd3a787c807206199bf3285815a41fac9b2e20aca0db9a971db5399e",
                "sha256:652b70751bbe974370feff27f51b6cd7856c14a57eb06fdd1c9f2dfcc2731401",
                "sha256:7822918f3d32a99db2bb5616a5c28d989d6e4b6a54d720cb25e60551dacafa1e",
                "sha256:96fd5e8ffc117f79d1baaa65da601d35411f341d90d8ca1204236925f164b043",
                "sha256:a002d509e98a3ea17f45affc5c440808d7ac119d7510bb27da7b184aafb59943",
                "sha256:c8dd2478d3e8c0da293c618be60432bb166fe36c50663e26b1fe9e7123365fe5"
            ],
            "index": "pypi",
            "version": "==1.0.1.post2"
        },
        "torchvision": {
            "hashes": [
                "sha256:ba0a5e7fa1646d4e7f2e5ad5802d123e17e42a1a9c026d0f79d2fd3a976afba1"
            ],
            "index": "pypi",
            "version": "==0.2.1"
        },
        "tornado": {
            "hashes": [
                "sha256:0662d28b1ca9f67108c7e3b77afabfb9c7e87bde174fbda78186ecedc2499a9d",
                "sha256:4e5158d97583502a7e2739951553cbd88a72076f152b4b11b64b9a10c4c49409",
                "sha256:732e836008c708de2e89a31cb2fa6c0e5a70cb60492bee6f1ea1047500feaf7f",
                "sha256:8154ec22c450df4e06b35f131adc4f2f3a12ec85981a203301d310abf580500f",
                "sha256:8e9d728c4579682e837c92fdd98036bd5cdefa1da2aaf6acf26947e6dd0c01c5",
                "sha256:d4b3e5329f572f055b587efc57d29bd051589fb5a43ec8898c77a47ec2fa2bbb",
                "sha256:e5f2585afccbff22390cddac29849df463b252b711aa2ce7c5f3f342a5b3b444"
            ],
            "version": "==5.1.1"
        },
        "traitlets": {
            "hashes": [
                "sha256:9c4bd2d267b7153df9152698efb1050a5d84982d3384a37b2c1f7723ba3e7835",
                "sha256:c6cb5e6f57c5a9bdaa40fa71ce7b4af30298fbab9ece9815b5d995ab6217c7d9"
            ],
            "version": "==4.3.2"
        },
        "wcwidth": {
            "hashes": [
                "sha256:3df37372226d6e63e1b1e1eda15c594bca98a22d33a23832a90998faa96bc65e",
                "sha256:f4ebe71925af7b40a864553f761ed559b43544f8f71746c2d756c7fe788ade7c"
            ],
            "version": "==0.1.7"
        },
        "webencodings": {
            "hashes": [
                "sha256:a0af1213f3c2226497a97e2b3aa01a7e4bee4f403f95be16fc9acd2947514a78",
                "sha256:b36a1c245f2d304965eb4e0a82848379241dc04b865afcc4aab16748587e1923"
            ],
            "version": "==0.5.1"
        },
        "werkzeug": {
            "hashes": [
                "sha256:c3fd7a7d41976d9f44db327260e263132466836cef6f91512889ed60ad26557c",
                "sha256:d5da73735293558eb1651ee2fddc4d0dedcfa06538b8813a2e20011583c9e49b"
            ],
            "version": "==0.14.1"
        },
        "wheel": {
            "hashes": [
                "sha256:029703bf514e16c8271c3821806a1c171220cc5bdd325cbf4e7da1e056a01db6",
                "sha256:1e53cdb3f808d5ccd0df57f964263752aa74ea7359526d3da6c02114ec1e1d44"
            ],
            "markers": "python_version >= '3'",
            "version": "==0.32.3"
        },
        "widgetsnbextension": {
            "hashes": [
                "sha256:14b2c65f9940c9a7d3b70adbe713dbd38b5ec69724eebaba034d1036cf3d4740",
                "sha256:fa618be8435447a017fd1bf2c7ae922d0428056cfc7449f7a8641edf76b48265"
            ],
            "version": "==3.4.2"
        }
    },
    "develop": {}
}
